{
  "name": "ramen-shop-ktx2-tools",
  "version": "1.0.0",
  "lockfileVersion": 3,
  "requires": true,
  "packages": {
    "": {
      "name": "ramen-shop-ktx2-tools",
      "version": "1.0.0",
      "dependencies": {
        "ktx2-encoder": "^0.5.3",
        "pngjs": "^7.0.0"
      }
    },
    "node_modules/ktx-parse": {
      "version": "0.7.1",
      "resolved": "https://registry.npmjs.org/ktx-parse/-/ktx-parse-0.7.1.tgz",
      "integrity": "sha512-FeA3g56ksdFNwjXJJsc1CCc7co+AJYDp6ipIp878zZ2bU8kWROatLYf39TQEd4/XRSUvBXovQ8gaVKWPXsCLEQ==",
      "license": "MIT"
    },
    "node_modules/ktx2-encoder": {
      "version": "0.5.3",
      "resolved": "https://registry.npmjs.org/ktx2-encoder/-/ktx2-encoder-0.5.3.tgz",
      "integrity": "sha512-VkoccU/EHSf1690w6znOhp2Hz4UJuKMnfuZhtaymVYge3okU64myyZ/v1Wui926rDuAoi1LfVNqilKm/k4nlqQ==",
      "license": "MIT",
      "dependencies": {
        "ktx-parse": "^0.7.1"
      }
    },
    "node_modules/pngjs": {
      "version": "7.0.0",
      "resolved": "https://registry.npmjs.org/pngjs/-/pngjs-7.0.0.tgz",
      "integrity": "sha512-LKWqWJRhstyYo9pGvgor/ivk2w94eSjE3RGVuzLGlr3NmD8bf7RcYGze1mNdEHRP6TRP6rMuDHk5t44hnTRyow==",
      "license": "MIT",
      "engines": {
        "node": ">=14.19.0"
      }
    }
  }
}
